
Microsoft Visual Studio Solution File, Format Version 12.00
# Visual Studio Version 17
VisualStudioVersion = 17.2.32526.322
MinimumVisualStudioVersion = 10.0.40219.1
Project("{FAE04EC0-301F-11D3-BF4B-00C04F79EFBC}") = "FakturyKudlackova", "FakturyKudlackova.csproj", "{D75C38A7-2960-4873-9355-2EFDC4716E1E}"
EndProject
Global
	GlobalSection(SolutionConfigurationPlatforms) = preSolution
		Debug|Any CPU = Debug|Any CPU
		Release|Any CPU = Release|Any CPU
	EndGlobalSection
	GlobalSection(ProjectConfigurationPlatforms) = postSolution
		{D75C38A7-2960-4873-9355-2EFDC4716E1E}.Debug|Any CPU.ActiveCfg = Debug|Any CPU
		{D75C38A7-2960-4873-9355-2EFDC4716E1E}.Debug|Any CPU.Build.0 = Debug|Any CPU
		{D75C38A7-2960-4873-9355-2EFDC4716E1E}.Release|Any CPU.ActiveCfg = Release|Any CPU
		{D75C38A7-2960-4873-9355-2EFDC4716E1E}.Release|Any CPU.Build.0 = Release|Any CPU
	EndGlobalSection
	GlobalSection(SolutionProperties) = preSolution
		HideSolutionNode = FALSE
	EndGlobalSection
	GlobalSection(ExtensibilityGlobals) = postSolution
		SolutionGuid = {8AD8422B-FCFB-43DC-8ABA-571B9CB2A7F1}
	EndGlobalSection
EndGlobal
